
Microsoft Visual Studio Solution File, Format Version 12.00
# Visual Studio 14
VisualStudioVersion = 14.0.24720.0
MinimumVisualStudioVersion = 10.0.40219.1
Project("{FAE04EC0-301F-11D3-BF4B-00C04F79EFBC}") = "IoT.Demo.Headed.Xaml", "IoT.Demo.Headed.Xaml\IoT.Demo.Headed.Xaml.csproj", "{AA09CE83-716C-4B9F-B8B4-F50CA5F95537}"
EndProject
Project("{262852C6-CD72-467D-83FE-5EEB1973A190}") = "IoT.Demo.Headed.Js", "IoT.Demo.Headed.Js\IoT.Demo.Headed.Js.jsproj", "{1DBCAD6E-5A95-4278-9BA1-4C0CE724DC4A}"
EndProject
Project("{9092AA53-FB77-4645-B42D-1CCCA6BD08BD}") = "IoT.Demo.Node.WebServer", "IoT.Demo.Node.WebServer\IoT.Demo.Node.WebServer.njsproj", "{A4A85BB9-3EC8-436D-A7B3-116E300D8863}"
EndProject
Project("{FAE04EC0-301F-11D3-BF4B-00C04F79EFBC}") = "IoT.Demo.Gpio", "IoT.Demo.Gpio\IoT.Demo.Gpio.csproj", "{DC974226-3246-47D3-9631-B83459F38F8A}"
EndProject
Project("{FAE04EC0-301F-11D3-BF4B-00C04F79EFBC}") = "Iot.Demo.Gpio.Pwm", "Iot.Demo.Gpio.Pwm\Iot.Demo.Gpio.Pwm.csproj", "{55B2FFB4-A00D-4026-AE09-7F14B34ED42E}"
EndProject
Project("{8BC9CEB8-8B4A-11D0-8D11-00A0C91BC942}") = "PwmSoftware", "..\ms-iot\BusProviders-develop\PWM\PwmSoftware\PwmSoftware.vcxproj", "{07864646-FA68-4C58-84CF-9470B0428301}"
EndProject
Project("{2150E333-8FDC-42A3-9474-1A3956D46DE8}") = "Demo", "Demo", "{647CF001-0E87-413A-9A01-C410C0665026}"
EndProject
Project("{2150E333-8FDC-42A3-9474-1A3956D46DE8}") = "References", "References", "{119EC438-AAF7-487B-AB30-F9544A883B5B}"
EndProject
Project("{8BC9CEB8-8B4A-11D0-8D11-00A0C91BC942}") = "PwmPCA9685", "..\ms-iot\BusProviders-develop\PWM\PwmPCA9685\PwmPCA9685.vcxproj", "{D5440DB9-22CA-4FC5-BC14-D42FA2ABA46A}"
EndProject
Project("{FAE04EC0-301F-11D3-BF4B-00C04F79EFBC}") = "IoT.Demo.Azure", "IoT.Demo.Azure\IoT.Demo.Azure.csproj", "{EDD2208B-26AF-447B-B93B-691B9EDC06AC}"
EndProject
Project("{FAE04EC0-301F-11D3-BF4B-00C04F79EFBC}") = "IoT.Demo.Buses", "IoT.Demo.Buses\IoT.Demo.Buses.csproj", "{1C26F583-6656-421D-91C7-0FABA35A7F43}"
EndProject
Global
	GlobalSection(SolutionConfigurationPlatforms) = preSolution
		Debug|Any CPU = Debug|Any CPU
		Debug|ARM = Debug|ARM
		Debug|x64 = Debug|x64
		Debug|x86 = Debug|x86
		Release|Any CPU = Release|Any CPU
		Release|ARM = Release|ARM
		Release|x64 = Release|x64
		Release|x86 = Release|x86
	EndGlobalSection
	GlobalSection(ProjectConfigurationPlatforms) = postSolution
		{AA09CE83-716C-4B9F-B8B4-F50CA5F95537}.Debug|Any CPU.ActiveCfg = Debug|x86
		{AA09CE83-716C-4B9F-B8B4-F50CA5F95537}.Debug|ARM.ActiveCfg = Debug|ARM
		{AA09CE83-716C-4B9F-B8B4-F50CA5F95537}.Debug|ARM.Build.0 = Debug|ARM
		{AA09CE83-716C-4B9F-B8B4-F50CA5F95537}.Debug|ARM.Deploy.0 = Debug|ARM
		{AA09CE83-716C-4B9F-B8B4-F50CA5F95537}.Debug|x64.ActiveCfg = Debug|x64
		{AA09CE83-716C-4B9F-B8B4-F50CA5F95537}.Debug|x64.Build.0 = Debug|x64
		{AA09CE83-716C-4B9F-B8B4-F50CA5F95537}.Debug|x64.Deploy.0 = Debug|x64
		{AA09CE83-716C-4B9F-B8B4-F50CA5F95537}.Debug|x86.ActiveCfg = Debug|x86
		{AA09CE83-716C-4B9F-B8B4-F50CA5F95537}.Debug|x86.Build.0 = Debug|x86
		{AA09CE83-716C-4B9F-B8B4-F50CA5F95537}.Debug|x86.Deploy.0 = Debug|x86
		{AA09CE83-716C-4B9F-B8B4-F50CA5F95537}.Release|Any CPU.ActiveCfg = Release|x86
		{AA09CE83-716C-4B9F-B8B4-F50CA5F95537}.Release|ARM.ActiveCfg = Release|ARM
		{AA09CE83-716C-4B9F-B8B4-F50CA5F95537}.Release|ARM.Build.0 = Release|ARM
		{AA09CE83-716C-4B9F-B8B4-F50CA5F95537}.Release|ARM.Deploy.0 = Release|ARM
		{AA09CE83-716C-4B9F-B8B4-F50CA5F95537}.Release|x64.ActiveCfg = Release|x64
		{AA09CE83-716C-4B9F-B8B4-F50CA5F95537}.Release|x64.Build.0 = Release|x64
		{AA09CE83-716C-4B9F-B8B4-F50CA5F95537}.Release|x64.Deploy.0 = Release|x64
		{AA09CE83-716C-4B9F-B8B4-F50CA5F95537}.Release|x86.ActiveCfg = Release|x86
		{AA09CE83-716C-4B9F-B8B4-F50CA5F95537}.Release|x86.Build.0 = Release|x86
		{AA09CE83-716C-4B9F-B8B4-F50CA5F95537}.Release|x86.Deploy.0 = Release|x86
		{1DBCAD6E-5A95-4278-9BA1-4C0CE724DC4A}.Debug|Any CPU.ActiveCfg = Debug|Any CPU
		{1DBCAD6E-5A95-4278-9BA1-4C0CE724DC4A}.Debug|Any CPU.Build.0 = Debug|Any CPU
		{1DBCAD6E-5A95-4278-9BA1-4C0CE724DC4A}.Debug|Any CPU.Deploy.0 = Debug|Any CPU
		{1DBCAD6E-5A95-4278-9BA1-4C0CE724DC4A}.Debug|ARM.ActiveCfg = Debug|ARM
		{1DBCAD6E-5A95-4278-9BA1-4C0CE724DC4A}.Debug|ARM.Build.0 = Debug|ARM
		{1DBCAD6E-5A95-4278-9BA1-4C0CE724DC4A}.Debug|ARM.Deploy.0 = Debug|ARM
		{1DBCAD6E-5A95-4278-9BA1-4C0CE724DC4A}.Debug|x64.ActiveCfg = Debug|x64
		{1DBCAD6E-5A95-4278-9BA1-4C0CE724DC4A}.Debug|x64.Build.0 = Debug|x64
		{1DBCAD6E-5A95-4278-9BA1-4C0CE724DC4A}.Debug|x64.Deploy.0 = Debug|x64
		{1DBCAD6E-5A95-4278-9BA1-4C0CE724DC4A}.Debug|x86.ActiveCfg = Debug|x86
		{1DBCAD6E-5A95-4278-9BA1-4C0CE724DC4A}.Debug|x86.Build.0 = Debug|x86
		{1DBCAD6E-5A95-4278-9BA1-4C0CE724DC4A}.Debug|x86.Deploy.0 = Debug|x86
		{1DBCAD6E-5A95-4278-9BA1-4C0CE724DC4A}.Release|Any CPU.ActiveCfg = Release|Any CPU
		{1DBCAD6E-5A95-4278-9BA1-4C0CE724DC4A}.Release|Any CPU.Build.0 = Release|Any CPU
		{1DBCAD6E-5A95-4278-9BA1-4C0CE724DC4A}.Release|Any CPU.Deploy.0 = Release|Any CPU
		{1DBCAD6E-5A95-4278-9BA1-4C0CE724DC4A}.Release|ARM.ActiveCfg = Release|ARM
		{1DBCAD6E-5A95-4278-9BA1-4C0CE724DC4A}.Release|ARM.Build.0 = Release|ARM
		{1DBCAD6E-5A95-4278-9BA1-4C0CE724DC4A}.Release|ARM.Deploy.0 = Release|ARM
		{1DBCAD6E-5A95-4278-9BA1-4C0CE724DC4A}.Release|x64.ActiveCfg = Release|x64
		{1DBCAD6E-5A95-4278-9BA1-4C0CE724DC4A}.Release|x64.Build.0 = Release|x64
		{1DBCAD6E-5A95-4278-9BA1-4C0CE724DC4A}.Release|x64.Deploy.0 = Release|x64
		{1DBCAD6E-5A95-4278-9BA1-4C0CE724DC4A}.Release|x86.ActiveCfg = Release|x86
		{1DBCAD6E-5A95-4278-9BA1-4C0CE724DC4A}.Release|x86.Build.0 = Release|x86
		{1DBCAD6E-5A95-4278-9BA1-4C0CE724DC4A}.Release|x86.Deploy.0 = Release|x86
		{A4A85BB9-3EC8-436D-A7B3-116E300D8863}.Debug|Any CPU.ActiveCfg = Debug|x86
		{A4A85BB9-3EC8-436D-A7B3-116E300D8863}.Debug|ARM.ActiveCfg = Debug|ARM
		{A4A85BB9-3EC8-436D-A7B3-116E300D8863}.Debug|ARM.Build.0 = Debug|ARM
		{A4A85BB9-3EC8-436D-A7B3-116E300D8863}.Debug|ARM.Deploy.0 = Debug|ARM
		{A4A85BB9-3EC8-436D-A7B3-116E300D8863}.Debug|x64.ActiveCfg = Debug|x64
		{A4A85BB9-3EC8-436D-A7B3-116E300D8863}.Debug|x64.Build.0 = Debug|x64
		{A4A85BB9-3EC8-436D-A7B3-116E300D8863}.Debug|x64.Deploy.0 = Debug|x64
		{A4A85BB9-3EC8-436D-A7B3-116E300D8863}.Debug|x86.ActiveCfg = Debug|x86
		{A4A85BB9-3EC8-436D-A7B3-116E300D8863}.Debug|x86.Build.0 = Debug|x86
		{A4A85BB9-3EC8-436D-A7B3-116E300D8863}.Debug|x86.Deploy.0 = Debug|x86
		{A4A85BB9-3EC8-436D-A7B3-116E300D8863}.Release|Any CPU.ActiveCfg = Release|x86
		{A4A85BB9-3EC8-436D-A7B3-116E300D8863}.Release|ARM.ActiveCfg = Release|ARM
		{A4A85BB9-3EC8-436D-A7B3-116E300D8863}.Release|ARM.Build.0 = Release|ARM
		{A4A85BB9-3EC8-436D-A7B3-116E300D8863}.Release|ARM.Deploy.0 = Release|ARM
		{A4A85BB9-3EC8-436D-A7B3-116E300D8863}.Release|x64.ActiveCfg = Release|x64
		{A4A85BB9-3EC8-436D-A7B3-116E300D8863}.Release|x64.Build.0 = Release|x64
		{A4A85BB9-3EC8-436D-A7B3-116E300D8863}.Release|x64.Deploy.0 = Release|x64
		{A4A85BB9-3EC8-436D-A7B3-116E300D8863}.Release|x86.ActiveCfg = Release|x86
		{A4A85BB9-3EC8-436D-A7B3-116E300D8863}.Release|x86.Build.0 = Release|x86
		{A4A85BB9-3EC8-436D-A7B3-116E300D8863}.Release|x86.Deploy.0 = Release|x86
		{DC974226-3246-47D3-9631-B83459F38F8A}.Debug|Any CPU.ActiveCfg = Debug|x86
		{DC974226-3246-47D3-9631-B83459F38F8A}.Debug|ARM.ActiveCfg = Debug|ARM
		{DC974226-3246-47D3-9631-B83459F38F8A}.Debug|ARM.Build.0 = Debug|ARM
		{DC974226-3246-47D3-9631-B83459F38F8A}.Debug|ARM.Deploy.0 = Debug|ARM
		{DC974226-3246-47D3-9631-B83459F38F8A}.Debug|x64.ActiveCfg = Debug|x64
		{DC974226-3246-47D3-9631-B83459F38F8A}.Debug|x64.Build.0 = Debug|x64
		{DC974226-3246-47D3-9631-B83459F38F8A}.Debug|x64.Deploy.0 = Debug|x64
		{DC974226-3246-47D3-9631-B83459F38F8A}.Debug|x86.ActiveCfg = Debug|x86
		{DC974226-3246-47D3-9631-B83459F38F8A}.Debug|x86.Build.0 = Debug|x86
		{DC974226-3246-47D3-9631-B83459F38F8A}.Debug|x86.Deploy.0 = Debug|x86
		{DC974226-3246-47D3-9631-B83459F38F8A}.Release|Any CPU.ActiveCfg = Release|x86
		{DC974226-3246-47D3-9631-B83459F38F8A}.Release|ARM.ActiveCfg = Release|ARM
		{DC974226-3246-47D3-9631-B83459F38F8A}.Release|ARM.Build.0 = Release|ARM
		{DC974226-3246-47D3-9631-B83459F38F8A}.Release|ARM.Deploy.0 = Release|ARM
		{DC974226-3246-47D3-9631-B83459F38F8A}.Release|x64.ActiveCfg = Release|x64
		{DC974226-3246-47D3-9631-B83459F38F8A}.Release|x64.Build.0 = Release|x64
		{DC974226-3246-47D3-9631-B83459F38F8A}.Release|x64.Deploy.0 = Release|x64
		{DC974226-3246-47D3-9631-B83459F38F8A}.Release|x86.ActiveCfg = Release|x86
		{DC974226-3246-47D3-9631-B83459F38F8A}.Release|x86.Build.0 = Release|x86
		{DC974226-3246-47D3-9631-B83459F38F8A}.Release|x86.Deploy.0 = Release|x86
		{55B2FFB4-A00D-4026-AE09-7F14B34ED42E}.Debug|Any CPU.ActiveCfg = Debug|x86
		{55B2FFB4-A00D-4026-AE09-7F14B34ED42E}.Debug|ARM.ActiveCfg = Debug|ARM
		{55B2FFB4-A00D-4026-AE09-7F14B34ED42E}.Debug|ARM.Build.0 = Debug|ARM
		{55B2FFB4-A00D-4026-AE09-7F14B34ED42E}.Debug|ARM.Deploy.0 = Debug|ARM
		{55B2FFB4-A00D-4026-AE09-7F14B34ED42E}.Debug|x64.ActiveCfg = Debug|x64
		{55B2FFB4-A00D-4026-AE09-7F14B34ED42E}.Debug|x64.Build.0 = Debug|x64
		{55B2FFB4-A00D-4026-AE09-7F14B34ED42E}.Debug|x64.Deploy.0 = Debug|x64
		{55B2FFB4-A00D-4026-AE09-7F14B34ED42E}.Debug|x86.ActiveCfg = Debug|x86
		{55B2FFB4-A00D-4026-AE09-7F14B34ED42E}.Debug|x86.Build.0 = Debug|x86
		{55B2FFB4-A00D-4026-AE09-7F14B34ED42E}.Debug|x86.Deploy.0 = Debug|x86
		{55B2FFB4-A00D-4026-AE09-7F14B34ED42E}.Release|Any CPU.ActiveCfg = Release|x86
		{55B2FFB4-A00D-4026-AE09-7F14B34ED42E}.Release|ARM.ActiveCfg = Release|ARM
		{55B2FFB4-A00D-4026-AE09-7F14B34ED42E}.Release|ARM.Build.0 = Release|ARM
		{55B2FFB4-A00D-4026-AE09-7F14B34ED42E}.Release|ARM.Deploy.0 = Release|ARM
		{55B2FFB4-A00D-4026-AE09-7F14B34ED42E}.Release|x64.ActiveCfg = Release|x64
		{55B2FFB4-A00D-4026-AE09-7F14B34ED42E}.Release|x64.Build.0 = Release|x64
		{55B2FFB4-A00D-4026-AE09-7F14B34ED42E}.Release|x64.Deploy.0 = Release|x64
		{55B2FFB4-A00D-4026-AE09-7F14B34ED42E}.Release|x86.ActiveCfg = Release|x86
		{55B2FFB4-A00D-4026-AE09-7F14B34ED42E}.Release|x86.Build.0 = Release|x86
		{55B2FFB4-A00D-4026-AE09-7F14B34ED42E}.Release|x86.Deploy.0 = Release|x86
		{07864646-FA68-4C58-84CF-9470B0428301}.Debug|Any CPU.ActiveCfg = Debug|Win32
		{07864646-FA68-4C58-84CF-9470B0428301}.Debug|ARM.ActiveCfg = Debug|ARM
		{07864646-FA68-4C58-84CF-9470B0428301}.Debug|ARM.Build.0 = Debug|ARM
		{07864646-FA68-4C58-84CF-9470B0428301}.Debug|x64.ActiveCfg = Debug|x64
		{07864646-FA68-4C58-84CF-9470B0428301}.Debug|x64.Build.0 = Debug|x64
		{07864646-FA68-4C58-84CF-9470B0428301}.Debug|x86.ActiveCfg = Debug|Win32
		{07864646-FA68-4C58-84CF-9470B0428301}.Debug|x86.Build.0 = Debug|Win32
		{07864646-FA68-4C58-84CF-9470B0428301}.Release|Any CPU.ActiveCfg = Release|Win32
		{07864646-FA68-4C58-84CF-9470B0428301}.Release|ARM.ActiveCfg = Release|ARM
		{07864646-FA68-4C58-84CF-9470B0428301}.Release|ARM.Build.0 = Release|ARM
		{07864646-FA68-4C58-84CF-9470B0428301}.Release|x64.ActiveCfg = Release|x64
		{07864646-FA68-4C58-84CF-9470B0428301}.Release|x64.Build.0 = Release|x64
		{07864646-FA68-4C58-84CF-9470B0428301}.Release|x86.ActiveCfg = Release|Win32
		{07864646-FA68-4C58-84CF-9470B0428301}.Release|x86.Build.0 = Release|Win32
		{D5440DB9-22CA-4FC5-BC14-D42FA2ABA46A}.Debug|Any CPU.ActiveCfg = Debug|Win32
		{D5440DB9-22CA-4FC5-BC14-D42FA2ABA46A}.Debug|ARM.ActiveCfg = Debug|ARM
		{D5440DB9-22CA-4FC5-BC14-D42FA2ABA46A}.Debug|ARM.Build.0 = Debug|ARM
		{D5440DB9-22CA-4FC5-BC14-D42FA2ABA46A}.Debug|x64.ActiveCfg = Debug|x64
		{D5440DB9-22CA-4FC5-BC14-D42FA2ABA46A}.Debug|x64.Build.0 = Debug|x64
		{D5440DB9-22CA-4FC5-BC14-D42FA2ABA46A}.Debug|x86.ActiveCfg = Debug|Win32
		{D5440DB9-22CA-4FC5-BC14-D42FA2ABA46A}.Debug|x86.Build.0 = Debug|Win32
		{D5440DB9-22CA-4FC5-BC14-D42FA2ABA46A}.Release|Any CPU.ActiveCfg = Release|Win32
		{D5440DB9-22CA-4FC5-BC14-D42FA2ABA46A}.Release|ARM.ActiveCfg = Release|ARM
		{D5440DB9-22CA-4FC5-BC14-D42FA2ABA46A}.Release|ARM.Build.0 = Release|ARM
		{D5440DB9-22CA-4FC5-BC14-D42FA2ABA46A}.Release|x64.ActiveCfg = Release|x64
		{D5440DB9-22CA-4FC5-BC14-D42FA2ABA46A}.Release|x64.Build.0 = Release|x64
		{D5440DB9-22CA-4FC5-BC14-D42FA2ABA46A}.Release|x86.ActiveCfg = Release|Win32
		{D5440DB9-22CA-4FC5-BC14-D42FA2ABA46A}.Release|x86.Build.0 = Release|Win32
		{EDD2208B-26AF-447B-B93B-691B9EDC06AC}.Debug|Any CPU.ActiveCfg = Debug|x86
		{EDD2208B-26AF-447B-B93B-691B9EDC06AC}.Debug|ARM.ActiveCfg = Debug|ARM
		{EDD2208B-26AF-447B-B93B-691B9EDC06AC}.Debug|ARM.Build.0 = Debug|ARM
		{EDD2208B-26AF-447B-B93B-691B9EDC06AC}.Debug|ARM.Deploy.0 = Debug|ARM
		{EDD2208B-26AF-447B-B93B-691B9EDC06AC}.Debug|x64.ActiveCfg = Debug|x64
		{EDD2208B-26AF-447B-B93B-691B9EDC06AC}.Debug|x64.Build.0 = Debug|x64
		{EDD2208B-26AF-447B-B93B-691B9EDC06AC}.Debug|x64.Deploy.0 = Debug|x64
		{EDD2208B-26AF-447B-B93B-691B9EDC06AC}.Debug|x86.ActiveCfg = Debug|x86
		{EDD2208B-26AF-447B-B93B-691B9EDC06AC}.Debug|x86.Build.0 = Debug|x86
		{EDD2208B-26AF-447B-B93B-691B9EDC06AC}.Debug|x86.Deploy.0 = Debug|x86
		{EDD2208B-26AF-447B-B93B-691B9EDC06AC}.Release|Any CPU.ActiveCfg = Release|x86
		{EDD2208B-26AF-447B-B93B-691B9EDC06AC}.Release|ARM.ActiveCfg = Release|ARM
		{EDD2208B-26AF-447B-B93B-691B9EDC06AC}.Release|ARM.Build.0 = Release|ARM
		{EDD2208B-26AF-447B-B93B-691B9EDC06AC}.Release|ARM.Deploy.0 = Release|ARM
		{EDD2208B-26AF-447B-B93B-691B9EDC06AC}.Release|x64.ActiveCfg = Release|x64
		{EDD2208B-26AF-447B-B93B-691B9EDC06AC}.Release|x64.Build.0 = Release|x64
		{EDD2208B-26AF-447B-B93B-691B9EDC06AC}.Release|x64.Deploy.0 = Release|x64
		{EDD2208B-26AF-447B-B93B-691B9EDC06AC}.Release|x86.ActiveCfg = Release|x86
		{EDD2208B-26AF-447B-B93B-691B9EDC06AC}.Release|x86.Build.0 = Release|x86
		{EDD2208B-26AF-447B-B93B-691B9EDC06AC}.Release|x86.Deploy.0 = Release|x86
		{1C26F583-6656-421D-91C7-0FABA35A7F43}.Debug|Any CPU.ActiveCfg = Debug|x86
		{1C26F583-6656-421D-91C7-0FABA35A7F43}.Debug|ARM.ActiveCfg = Debug|ARM
		{1C26F583-6656-421D-91C7-0FABA35A7F43}.Debug|ARM.Build.0 = Debug|ARM
		{1C26F583-6656-421D-91C7-0FABA35A7F43}.Debug|ARM.Deploy.0 = Debug|ARM
		{1C26F583-6656-421D-91C7-0FABA35A7F43}.Debug|x64.ActiveCfg = Debug|x64
		{1C26F583-6656-421D-91C7-0FABA35A7F43}.Debug|x64.Build.0 = Debug|x64
		{1C26F583-6656-421D-91C7-0FABA35A7F43}.Debug|x64.Deploy.0 = Debug|x64
		{1C26F583-6656-421D-91C7-0FABA35A7F43}.Debug|x86.ActiveCfg = Debug|x86
		{1C26F583-6656-421D-91C7-0FABA35A7F43}.Debug|x86.Build.0 = Debug|x86
		{1C26F583-6656-421D-91C7-0FABA35A7F43}.Debug|x86.Deploy.0 = Debug|x86
		{1C26F583-6656-421D-91C7-0FABA35A7F43}.Release|Any CPU.ActiveCfg = Release|x86
		{1C26F583-6656-421D-91C7-0FABA35A7F43}.Release|ARM.ActiveCfg = Release|ARM
		{1C26F583-6656-421D-91C7-0FABA35A7F43}.Release|ARM.Build.0 = Release|ARM
		{1C26F583-6656-421D-91C7-0FABA35A7F43}.Release|ARM.Deploy.0 = Release|ARM
		{1C26F583-6656-421D-91C7-0FABA35A7F43}.Release|x64.ActiveCfg = Release|x64
		{1C26F583-6656-421D-91C7-0FABA35A7F43}.Release|x64.Build.0 = Release|x64
		{1C26F583-6656-421D-91C7-0FABA35A7F43}.Release|x64.Deploy.0 = Release|x64
		{1C26F583-6656-421D-91C7-0FABA35A7F43}.Release|x86.ActiveCfg = Release|x86
		{1C26F583-6656-421D-91C7-0FABA35A7F43}.Release|x86.Build.0 = Release|x86
		{1C26F583-6656-421D-91C7-0FABA35A7F43}.Release|x86.Deploy.0 = Release|x86
	EndGlobalSection
	GlobalSection(SolutionProperties) = preSolution
		HideSolutionNode = FALSE
	EndGlobalSection
	GlobalSection(NestedProjects) = preSolution
		{AA09CE83-716C-4B9F-B8B4-F50CA5F95537} = {647CF001-0E87-413A-9A01-C410C0665026}
		{1DBCAD6E-5A95-4278-9BA1-4C0CE724DC4A} = {647CF001-0E87-413A-9A01-C410C0665026}
		{A4A85BB9-3EC8-436D-A7B3-116E300D8863} = {647CF001-0E87-413A-9A01-C410C0665026}
		{DC974226-3246-47D3-9631-B83459F38F8A} = {647CF001-0E87-413A-9A01-C410C0665026}
		{55B2FFB4-A00D-4026-AE09-7F14B34ED42E} = {647CF001-0E87-413A-9A01-C410C0665026}
		{07864646-FA68-4C58-84CF-9470B0428301} = {119EC438-AAF7-487B-AB30-F9544A883B5B}
		{D5440DB9-22CA-4FC5-BC14-D42FA2ABA46A} = {119EC438-AAF7-487B-AB30-F9544A883B5B}
		{1C26F583-6656-421D-91C7-0FABA35A7F43} = {647CF001-0E87-413A-9A01-C410C0665026}
	EndGlobalSection
EndGlobal
